PODS:
  - Flutter (1.0.0)
  - flutter_login_yandex (0.0.3):
    - Flutter
    - YandexLoginSDK
  - YandexLoginSDK (2.1.0)

DEPENDENCIES:
  - Flutter (from `Flutter`)
  - flutter_login_yandex (from `.symlinks/plugins/flutter_login_yandex/ios`)
  - YandexLoginSDK

SPEC REPOS:
  trunk:
    - YandexLoginSDK

EXTERNAL SOURCES:
  Flutter:
    :path: Flutter
  flutter_login_yandex:
    :path: ".symlinks/plugins/flutter_login_yandex/ios"

SPEC CHECKSUMS:
  Flutter: f04841e97a9d0b0a8025694d0796dd46242b2854
  flutter_login_yandex: d6be7c99c4f2b6c24849b6859501ffd5714f8690
  YandexLoginSDK: cec22fc509343c519ee31b62b38acc1753a78123

PODFILE CHECKSUM: 64c6c72368409f32c434c4f2416c0d2ae8955466

COCOAPODS: 1.11.3
